
Microsoft Visual Studio Solution File, Format Version 12.00
# Visual Studio Version 17
VisualStudioVersion = 17.4.33205.214
MinimumVisualStudioVersion = 10.0.40219.1
Project("{2150E333-8FDC-42A3-9474-1A3956D46DE8}") = "Services", "Services", "{62A1B785-3FD0-40F6-89C1-6BCFD5E412E2}"
EndProject
Project("{9A19103F-16F7-4668-BE54-9A1E7A4F7556}") = "Business", "Business\Business.csproj", "{F01E1437-2C22-4EB8-A795-B63B5BD5BF74}"
EndProject
Project("{9A19103F-16F7-4668-BE54-9A1E7A4F7556}") = "API_Gateway", "API_Gateway\API_Gateway.csproj", "{DE5CD267-B732-4637-B8B5-4C482A86DA4B}"
EndProject
Project("{9A19103F-16F7-4668-BE54-9A1E7A4F7556}") = "Inventory", "Services\Inventory\Inventory.csproj", "{240A3DF1-64D8-477B-AB78-B717DDA3D3DA}"
EndProject
Project("{9A19103F-16F7-4668-BE54-9A1E7A4F7556}") = "Trolley", "Services\Trolley\Trolley.csproj", "{0760BC39-4A76-4EF4-AC16-B6FEE2324042}"
EndProject
Project("{9A19103F-16F7-4668-BE54-9A1E7A4F7556}") = "StaticContent", "Services\StaticContent\StaticContent.csproj", "{EDBDA0C9-652E-4053-AEDF-05476718D485}"
EndProject
Project("{FAE04EC0-301F-11D3-BF4B-00C04F79EFBC}") = "EndeavourGroup.API.Test", "EndeavourGroup.API.Test\EndeavourGroup.API.Test.csproj", "{286F959F-9A25-42A1-8595-7C14A52097DA}"
EndProject
Global
	GlobalSection(SolutionConfigurationPlatforms) = preSolution
		Debug|Any CPU = Debug|Any CPU
		Release|Any CPU = Release|Any CPU
	EndGlobalSection
	GlobalSection(ProjectConfigurationPlatforms) = postSolution
		{F01E1437-2C22-4EB8-A795-B63B5BD5BF74}.Debug|Any CPU.ActiveCfg = Debug|Any CPU
		{F01E1437-2C22-4EB8-A795-B63B5BD5BF74}.Debug|Any CPU.Build.0 = Debug|Any CPU
		{F01E1437-2C22-4EB8-A795-B63B5BD5BF74}.Release|Any CPU.ActiveCfg = Release|Any CPU
		{F01E1437-2C22-4EB8-A795-B63B5BD5BF74}.Release|Any CPU.Build.0 = Release|Any CPU
		{DE5CD267-B732-4637-B8B5-4C482A86DA4B}.Debug|Any CPU.ActiveCfg = Debug|Any CPU
		{DE5CD267-B732-4637-B8B5-4C482A86DA4B}.Debug|Any CPU.Build.0 = Debug|Any CPU
		{DE5CD267-B732-4637-B8B5-4C482A86DA4B}.Release|Any CPU.ActiveCfg = Release|Any CPU
		{DE5CD267-B732-4637-B8B5-4C482A86DA4B}.Release|Any CPU.Build.0 = Release|Any CPU
		{240A3DF1-64D8-477B-AB78-B717DDA3D3DA}.Debug|Any CPU.ActiveCfg = Debug|Any CPU
		{240A3DF1-64D8-477B-AB78-B717DDA3D3DA}.Debug|Any CPU.Build.0 = Debug|Any CPU
		{240A3DF1-64D8-477B-AB78-B717DDA3D3DA}.Release|Any CPU.ActiveCfg = Release|Any CPU
		{240A3DF1-64D8-477B-AB78-B717DDA3D3DA}.Release|Any CPU.Build.0 = Release|Any CPU
		{0760BC39-4A76-4EF4-AC16-B6FEE2324042}.Debug|Any CPU.ActiveCfg = Debug|Any CPU
		{0760BC39-4A76-4EF4-AC16-B6FEE2324042}.Debug|Any CPU.Build.0 = Debug|Any CPU
		{0760BC39-4A76-4EF4-AC16-B6FEE2324042}.Release|Any CPU.ActiveCfg = Release|Any CPU
		{0760BC39-4A76-4EF4-AC16-B6FEE2324042}.Release|Any CPU.Build.0 = Release|Any CPU
		{EDBDA0C9-652E-4053-AEDF-05476718D485}.Debug|Any CPU.ActiveCfg = Debug|Any CPU
		{EDBDA0C9-652E-4053-AEDF-05476718D485}.Debug|Any CPU.Build.0 = Debug|Any CPU
		{EDBDA0C9-652E-4053-AEDF-05476718D485}.Release|Any CPU.ActiveCfg = Release|Any CPU
		{EDBDA0C9-652E-4053-AEDF-05476718D485}.Release|Any CPU.Build.0 = Release|Any CPU
		{286F959F-9A25-42A1-8595-7C14A52097DA}.Debug|Any CPU.ActiveCfg = Debug|Any CPU
		{286F959F-9A25-42A1-8595-7C14A52097DA}.Debug|Any CPU.Build.0 = Debug|Any CPU
		{286F959F-9A25-42A1-8595-7C14A52097DA}.Release|Any CPU.ActiveCfg = Release|Any CPU
		{286F959F-9A25-42A1-8595-7C14A52097DA}.Release|Any CPU.Build.0 = Release|Any CPU
	EndGlobalSection
	GlobalSection(SolutionProperties) = preSolution
		HideSolutionNode = FALSE
	EndGlobalSection
	GlobalSection(NestedProjects) = preSolution
		{240A3DF1-64D8-477B-AB78-B717DDA3D3DA} = {62A1B785-3FD0-40F6-89C1-6BCFD5E412E2}
		{0760BC39-4A76-4EF4-AC16-B6FEE2324042} = {62A1B785-3FD0-40F6-89C1-6BCFD5E412E2}
		{EDBDA0C9-652E-4053-AEDF-05476718D485} = {62A1B785-3FD0-40F6-89C1-6BCFD5E412E2}
	EndGlobalSection
	GlobalSection(ExtensibilityGlobals) = postSolution
		SolutionGuid = {CD38502A-DC73-4301-A6A2-48BFEA13220C}
	EndGlobalSection
EndGlobal
